
Microsoft Visual Studio Solution File, Format Version 12.00
# Visual Studio Version 17
VisualStudioVersion = 17.0.31903.59
MinimumVisualStudioVersion = 10.0.40219.1
Project("{FAE04EC0-301F-11D3-BF4B-00C04F79EFBC}") = "IrisDomain", "IrisDomain\IrisDomain.csproj", "{69C9C857-B88D-44A6-BA24-AF2AF36A53B8}"
EndProject
Project("{FAE04EC0-301F-11D3-BF4B-00C04F79EFBC}") = "IrisWebApi", "IrisWebApi\IrisWebApi.csproj", "{F6AB9B5A-B42E-4F2A-81C2-52C5A75AEF67}"
EndProject
Project("{FAE04EC0-301F-11D3-BF4B-00C04F79EFBC}") = "IrisConsole", "IrisConsole\IrisConsole.csproj", "{31B1C1BF-30E0-4C45-90A9-A039E697FB5B}"
EndProject
Project("{FAE04EC0-301F-11D3-BF4B-00C04F79EFBC}") = "IrisInfra", "IrisInfra\IrisInfra.csproj", "{E21407C4-B75E-49B4-9FF4-AC23DD43A0CE}"
EndProject
Project("{FAE04EC0-301F-11D3-BF4B-00C04F79EFBC}") = "IrisAppService", "IrisAppService\IrisAppService.csproj", "{1F085EC0-6969-420C-BDB7-5BEDEBF0B44D}"
EndProject
Global
	GlobalSection(SolutionConfigurationPlatforms) = preSolution
		Debug|Any CPU = Debug|Any CPU
		Release|Any CPU = Release|Any CPU
	EndGlobalSection
	GlobalSection(SolutionProperties) = preSolution
		HideSolutionNode = FALSE
	EndGlobalSection
	GlobalSection(ProjectConfigurationPlatforms) = postSolution
		{69C9C857-B88D-44A6-BA24-AF2AF36A53B8}.Debug|Any CPU.ActiveCfg = Debug|Any CPU
		{69C9C857-B88D-44A6-BA24-AF2AF36A53B8}.Debug|Any CPU.Build.0 = Debug|Any CPU
		{69C9C857-B88D-44A6-BA24-AF2AF36A53B8}.Release|Any CPU.ActiveCfg = Release|Any CPU
		{69C9C857-B88D-44A6-BA24-AF2AF36A53B8}.Release|Any CPU.Build.0 = Release|Any CPU
		{F6AB9B5A-B42E-4F2A-81C2-52C5A75AEF67}.Debug|Any CPU.ActiveCfg = Debug|Any CPU
		{F6AB9B5A-B42E-4F2A-81C2-52C5A75AEF67}.Debug|Any CPU.Build.0 = Debug|Any CPU
		{F6AB9B5A-B42E-4F2A-81C2-52C5A75AEF67}.Release|Any CPU.ActiveCfg = Release|Any CPU
		{F6AB9B5A-B42E-4F2A-81C2-52C5A75AEF67}.Release|Any CPU.Build.0 = Release|Any CPU
		{31B1C1BF-30E0-4C45-90A9-A039E697FB5B}.Debug|Any CPU.ActiveCfg = Debug|Any CPU
		{31B1C1BF-30E0-4C45-90A9-A039E697FB5B}.Debug|Any CPU.Build.0 = Debug|Any CPU
		{31B1C1BF-30E0-4C45-90A9-A039E697FB5B}.Release|Any CPU.ActiveCfg = Release|Any CPU
		{31B1C1BF-30E0-4C45-90A9-A039E697FB5B}.Release|Any CPU.Build.0 = Release|Any CPU
		{E21407C4-B75E-49B4-9FF4-AC23DD43A0CE}.Debug|Any CPU.ActiveCfg = Debug|Any CPU
		{E21407C4-B75E-49B4-9FF4-AC23DD43A0CE}.Debug|Any CPU.Build.0 = Debug|Any CPU
		{E21407C4-B75E-49B4-9FF4-AC23DD43A0CE}.Release|Any CPU.ActiveCfg = Release|Any CPU
		{E21407C4-B75E-49B4-9FF4-AC23DD43A0CE}.Release|Any CPU.Build.0 = Release|Any CPU
		{1F085EC0-6969-420C-BDB7-5BEDEBF0B44D}.Debug|Any CPU.ActiveCfg = Debug|Any CPU
		{1F085EC0-6969-420C-BDB7-5BEDEBF0B44D}.Debug|Any CPU.Build.0 = Debug|Any CPU
		{1F085EC0-6969-420C-BDB7-5BEDEBF0B44D}.Release|Any CPU.ActiveCfg = Release|Any CPU
		{1F085EC0-6969-420C-BDB7-5BEDEBF0B44D}.Release|Any CPU.Build.0 = Release|Any CPU
	EndGlobalSection
EndGlobal
